
Microsoft Visual Studio Solution File, Format Version 12.00
# Visual Studio Version 16
VisualStudioVersion = 16.0.31205.134
MinimumVisualStudioVersion = 10.0.40219.1
Project("{9A19103F-16F7-4668-BE54-9A1E7A4F7556}") = "Trading", "Trading\Trading.csproj", "{4E26974A-9EA8-43C7-A866-47BB51625EB8}"
EndProject
Project("{2150E333-8FDC-42A3-9474-1A3956D46DE8}") = "Solution Items", "Solution Items", "{25AC9648-238D-491E-9FA7-C8FA328463E2}"
	ProjectSection(SolutionItems) = preProject
		C:\Users\xxxpinktriplesix\Desktop\Вопросы практика.txt = C:\Users\xxxpinktriplesix\Desktop\Вопросы практика.txt
	EndProjectSection
EndProject
Global
	GlobalSection(SolutionConfigurationPlatforms) = preSolution
		Debug|Any CPU = Debug|Any CPU
		Release|Any CPU = Release|Any CPU
	EndGlobalSection
	GlobalSection(ProjectConfigurationPlatforms) = postSolution
		{4E26974A-9EA8-43C7-A866-47BB51625EB8}.Debug|Any CPU.ActiveCfg = Debug|Any CPU
		{4E26974A-9EA8-43C7-A866-47BB51625EB8}.Debug|Any CPU.Build.0 = Debug|Any CPU
		{4E26974A-9EA8-43C7-A866-47BB51625EB8}.Release|Any CPU.ActiveCfg = Release|Any CPU
		{4E26974A-9EA8-43C7-A866-47BB51625EB8}.Release|Any CPU.Build.0 = Release|Any CPU
	EndGlobalSection
	GlobalSection(SolutionProperties) = preSolution
		HideSolutionNode = FALSE
	EndGlobalSection
	GlobalSection(ExtensibilityGlobals) = postSolution
		SolutionGuid = {C55C577A-5346-4758-9434-B7F101EAD41F}
	EndGlobalSection
EndGlobal
